
Microsoft Visual Studio Solution File, Format Version 12.00
# Visual Studio Version 16
VisualStudioVersion = 16.0.29509.3
MinimumVisualStudioVersion = 10.0.40219.1
Project("{FAE04EC0-301F-11D3-BF4B-00C04F79EFBC}") = "Assignment_ASP_Final", "Assignment_ASP_Final\Assignment_ASP_Final.csproj", "{C279A22E-5943-4563-8D2E-8FE1D26C287F}"
EndProject
Global
	GlobalSection(SolutionConfigurationPlatforms) = preSolution
		Debug|Any CPU = Debug|Any CPU
		Release|Any CPU = Release|Any CPU
	EndGlobalSection
	GlobalSection(ProjectConfigurationPlatforms) = postSolution
		{C279A22E-5943-4563-8D2E-8FE1D26C287F}.Debug|Any CPU.ActiveCfg = Debug|Any CPU
		{C279A22E-5943-4563-8D2E-8FE1D26C287F}.Debug|Any CPU.Build.0 = Debug|Any CPU
		{C279A22E-5943-4563-8D2E-8FE1D26C287F}.Release|Any CPU.ActiveCfg = Release|Any CPU
		{C279A22E-5943-4563-8D2E-8FE1D26C287F}.Release|Any CPU.Build.0 = Release|Any CPU
	EndGlobalSection
	GlobalSection(SolutionProperties) = preSolution
		HideSolutionNode = FALSE
	EndGlobalSection
	GlobalSection(ExtensibilityGlobals) = postSolution
		SolutionGuid = {63ADE50F-97EB-456D-961E-55EFBF2C72BB}
	EndGlobalSection
EndGlobal
